{
	"name": "lab1",
	"lockfileVersion": 2,
	"requires": true,
	"packages": {
		"": {
			"dependencies": {
				"babar": "^0.2.0"
			}
		},
		"node_modules/babar": {
			"version": "0.2.0",
			"resolved": "https://registry.npmjs.org/babar/-/babar-0.2.0.tgz",
			"integrity": "sha512-bH01czBTWEbf7Q6qje/4raQEG14jhPTQJmpj1Uxzw92VCr9yQcCWN+SbKTg34aOvWDs6wrhjfr6SGC8AaeSzaA==",
			"dependencies": {
				"colors": "~0.6.2"
			}
		},
		"node_modules/colors": {
			"version": "0.6.2",
			"resolved": "https://registry.npmjs.org/colors/-/colors-0.6.2.tgz",
			"integrity": "sha1-JCP+ZnisDF2uiFLl0OW+CMmXq8w=",
			"engines": {
				"node": ">=0.1.90"
			}
		}
	},
	"dependencies": {
		"babar": {
			"version": "0.2.0",
			"resolved": "https://registry.npmjs.org/babar/-/babar-0.2.0.tgz",
			"integrity": "sha512-bH01czBTWEbf7Q6qje/4raQEG14jhPTQJmpj1Uxzw92VCr9yQcCWN+SbKTg34aOvWDs6wrhjfr6SGC8AaeSzaA==",
			"requires": {
				"colors": "~0.6.2"
			}
		},
		"colors": {
			"version": "0.6.2",
			"resolved": "https://registry.npmjs.org/colors/-/colors-0.6.2.tgz",
			"integrity": "sha1-JCP+ZnisDF2uiFLl0OW+CMmXq8w="
		}
	}
}
